
Microsoft Visual Studio Solution File, Format Version 12.00
# Visual Studio 15
VisualStudioVersion = 15.0.28307.705
MinimumVisualStudioVersion = 10.0.40219.1
Project("{FAE04EC0-301F-11D3-BF4B-00C04F79EFBC}") = "WebAdvert.API", "WebAdvert.API\WebAdvert.API.csproj", "{D8F7561D-F75F-4214-AA12-28E724D10D31}"
EndProject
Project("{FAE04EC0-301F-11D3-BF4B-00C04F79EFBC}") = "AdvertApi.Models", "AdvertApi.Models\AdvertApi.Models.csproj", "{66B8D5FF-7D76-44EC-A562-7629EC2146D8}"
EndProject
Global
	GlobalSection(SolutionConfigurationPlatforms) = preSolution
		Debug|Any CPU = Debug|Any CPU
		Release|Any CPU = Release|Any CPU
	EndGlobalSection
	GlobalSection(ProjectConfigurationPlatforms) = postSolution
		{D8F7561D-F75F-4214-AA12-28E724D10D31}.Debug|Any CPU.ActiveCfg = Debug|Any CPU
		{D8F7561D-F75F-4214-AA12-28E724D10D31}.Debug|Any CPU.Build.0 = Debug|Any CPU
		{D8F7561D-F75F-4214-AA12-28E724D10D31}.Release|Any CPU.ActiveCfg = Release|Any CPU
		{D8F7561D-F75F-4214-AA12-28E724D10D31}.Release|Any CPU.Build.0 = Release|Any CPU
		{66B8D5FF-7D76-44EC-A562-7629EC2146D8}.Debug|Any CPU.ActiveCfg = Debug|Any CPU
		{66B8D5FF-7D76-44EC-A562-7629EC2146D8}.Debug|Any CPU.Build.0 = Debug|Any CPU
		{66B8D5FF-7D76-44EC-A562-7629EC2146D8}.Release|Any CPU.ActiveCfg = Release|Any CPU
		{66B8D5FF-7D76-44EC-A562-7629EC2146D8}.Release|Any CPU.Build.0 = Release|Any CPU
	EndGlobalSection
	GlobalSection(SolutionProperties) = preSolution
		HideSolutionNode = FALSE
	EndGlobalSection
	GlobalSection(ExtensibilityGlobals) = postSolution
		SolutionGuid = {4C260AC0-BA46-4319-BAE6-99575CA00A6D}
	EndGlobalSection
EndGlobal
